
Microsoft Visual Studio Solution File, Format Version 12.00
# Visual Studio Version 17
VisualStudioVersion = 17.3.32922.545
MinimumVisualStudioVersion = 10.0.40219.1
Project("{FAE04EC0-301F-11D3-BF4B-00C04F79EFBC}") = "Conway's Game Of Life", "Conway's Game Of Life.csproj", "{8C5DBDD0-F9D2-4C4C-B85A-58923FD318DD}"
EndProject
Global
	GlobalSection(SolutionConfigurationPlatforms) = preSolution
		Debug|Any CPU = Debug|Any CPU
		Release|Any CPU = Release|Any CPU
	EndGlobalSection
	GlobalSection(ProjectConfigurationPlatforms) = postSolution
		{8C5DBDD0-F9D2-4C4C-B85A-58923FD318DD}.Debug|Any CPU.ActiveCfg = Debug|Any CPU
		{8C5DBDD0-F9D2-4C4C-B85A-58923FD318DD}.Debug|Any CPU.Build.0 = Debug|Any CPU
		{8C5DBDD0-F9D2-4C4C-B85A-58923FD318DD}.Release|Any CPU.ActiveCfg = Release|Any CPU
		{8C5DBDD0-F9D2-4C4C-B85A-58923FD318DD}.Release|Any CPU.Build.0 = Release|Any CPU
	EndGlobalSection
	GlobalSection(SolutionProperties) = preSolution
		HideSolutionNode = FALSE
	EndGlobalSection
	GlobalSection(ExtensibilityGlobals) = postSolution
		SolutionGuid = {23AEE948-964F-4119-916C-1B1413758976}
	EndGlobalSection
EndGlobal
